
Microsoft Visual Studio Solution File, Format Version 12.00
# Visual Studio 15
VisualStudioVersion = 15.0.27130.2010
MinimumVisualStudioVersion = 10.0.40219.1
Project("{FAE04EC0-301F-11D3-BF4B-00C04F79EFBC}") = "WebService", "InterviewTask\WebService.csproj", "{91AD72FE-F3AF-4B17-A714-248C617FE553}"
EndProject
Project("{FAE04EC0-301F-11D3-BF4B-00C04F79EFBC}") = "LoanCalculatorDesktop", "LoanCalculatorDesktop\LoanCalculatorDesktop.csproj", "{CB8F41AB-C40B-45DB-AD9C-D3B8070E6BBE}"
EndProject
Project("{FAE04EC0-301F-11D3-BF4B-00C04F79EFBC}") = "LoanCalculatorWebsite", "LoanCalculatorWebsite\LoanCalculatorWebsite.csproj", "{35E94065-F41A-4085-A0A8-246CBCF5C49D}"
EndProject
Global
	GlobalSection(SolutionConfigurationPlatforms) = preSolution
		Debug|Any CPU = Debug|Any CPU
		Release|Any CPU = Release|Any CPU
	EndGlobalSection
	GlobalSection(ProjectConfigurationPlatforms) = postSolution
		{91AD72FE-F3AF-4B17-A714-248C617FE553}.Debug|Any CPU.ActiveCfg = Debug|Any CPU
		{91AD72FE-F3AF-4B17-A714-248C617FE553}.Debug|Any CPU.Build.0 = Debug|Any CPU
		{91AD72FE-F3AF-4B17-A714-248C617FE553}.Release|Any CPU.ActiveCfg = Release|Any CPU
		{91AD72FE-F3AF-4B17-A714-248C617FE553}.Release|Any CPU.Build.0 = Release|Any CPU
		{CB8F41AB-C40B-45DB-AD9C-D3B8070E6BBE}.Debug|Any CPU.ActiveCfg = Debug|Any CPU
		{CB8F41AB-C40B-45DB-AD9C-D3B8070E6BBE}.Debug|Any CPU.Build.0 = Debug|Any CPU
		{CB8F41AB-C40B-45DB-AD9C-D3B8070E6BBE}.Release|Any CPU.ActiveCfg = Release|Any CPU
		{CB8F41AB-C40B-45DB-AD9C-D3B8070E6BBE}.Release|Any CPU.Build.0 = Release|Any CPU
		{35E94065-F41A-4085-A0A8-246CBCF5C49D}.Debug|Any CPU.ActiveCfg = Debug|Any CPU
		{35E94065-F41A-4085-A0A8-246CBCF5C49D}.Debug|Any CPU.Build.0 = Debug|Any CPU
		{35E94065-F41A-4085-A0A8-246CBCF5C49D}.Release|Any CPU.ActiveCfg = Release|Any CPU
		{35E94065-F41A-4085-A0A8-246CBCF5C49D}.Release|Any CPU.Build.0 = Release|Any CPU
	EndGlobalSection
	GlobalSection(SolutionProperties) = preSolution
		HideSolutionNode = FALSE
	EndGlobalSection
	GlobalSection(ExtensibilityGlobals) = postSolution
		SolutionGuid = {E27922F6-8DA0-47F3-A5A4-8046B23912F5}
	EndGlobalSection
EndGlobal
